// !$*UTF8*$!
{
	archiveVersion = 1;
	classes = {
	};
	objectVersion = 56;
	objects = {

/* Begin PBXBuildFile section */
		B1310C7029FB0A98006E8894 /* TransactionList.swift in Sources */ = {isa = PBXBuildFile; fileRef = B1310C6F29FB0A98006E8894 /* TransactionList.swift */; };
		B1310C7329FB13B6006E8894 /* Collections in Frameworks */ = {isa = PBXBuildFile; productRef = B1310C7229FB13B6006E8894 /* Collections */; };
		B1310C7629FB3874006E8894 /* SwiftUICharts in Frameworks */ = {isa = PBXBuildFile; productRef = B1310C7529FB3874006E8894 /* SwiftUICharts */; };
		B1B4724129F85B5E00488932 /* Family_Expenses_TrackerApp.swift in Sources */ = {isa = PBXBuildFile; fileRef = B1B4724029F85B5E00488932 /* Family_Expenses_TrackerApp.swift */; };
		B1B4724329F85B5E00488932 /* ContentView.swift in Sources */ = {isa = PBXBuildFile; fileRef = B1B4724229F85B5E00488932 /* ContentView.swift */; };
		B1B4724529F85B5F00488932 /* Assets.xcassets in Resources */ = {isa = PBXBuildFile; fileRef = B1B4724429F85B5F00488932 /* Assets.xcassets */; };
		B1B4724829F85B5F00488932 /* Preview Assets.xcassets in Resources */ = {isa = PBXBuildFile; fileRef = B1B4724729F85B5F00488932 /* Preview Assets.xcassets */; };
		B1B4725229F85B5F00488932 /* Family_Expenses_TrackerTests.swift in Sources */ = {isa = PBXBuildFile; fileRef = B1B4725129F85B5F00488932 /* Family_Expenses_TrackerTests.swift */; };
		B1B4725C29F85B5F00488932 /* Family_Expenses_TrackerUITests.swift in Sources */ = {isa = PBXBuildFile; fileRef = B1B4725B29F85B5F00488932 /* Family_Expenses_TrackerUITests.swift */; };
		B1B4725E29F85B5F00488932 /* Family_Expenses_TrackerUITestsLaunchTests.swift in Sources */ = {isa = PBXBuildFile; fileRef = B1B4725D29F85B5F00488932 /* Family_Expenses_TrackerUITestsLaunchTests.swift */; };
		B1B4726B29F85C7100488932 /* Extensions.swift in Sources */ = {isa = PBXBuildFile; fileRef = B1B4726A29F85C7100488932 /* Extensions.swift */; };
		B1B4726D29F864B300488932 /* TransactionModel.swift in Sources */ = {isa = PBXBuildFile; fileRef = B1B4726C29F864B300488932 /* TransactionModel.swift */; };
		B1B4726F29F8661A00488932 /* PreviewData.swift in Sources */ = {isa = PBXBuildFile; fileRef = B1B4726E29F8661A00488932 /* PreviewData.swift */; };
		B1B4727129F8671A00488932 /* TransactionRow.swift in Sources */ = {isa = PBXBuildFile; fileRef = B1B4727029F8671A00488932 /* TransactionRow.swift */; };
		B1B4727429F86FB700488932 /* SwiftUIFontIcon in Frameworks */ = {isa = PBXBuildFile; productRef = B1B4727329F86FB700488932 /* SwiftUIFontIcon */; };
		B1B4727829F8798000488932 /* TransactionListViewModel.swift in Sources */ = {isa = PBXBuildFile; fileRef = B1B4727729F8798000488932 /* TransactionListViewModel.swift */; };
		B1C5E19929F9F642006D7EDB /* RecentTransactionList.swift in Sources */ = {isa = PBXBuildFile; fileRef = B1C5E19829F9F642006D7EDB /* RecentTransactionList.swift */; };
/* End PBXBuildFile section */

/* Begin PBXContainerItemProxy section */
		B1B4724E29F85B5F00488932 /* PBXContainerItemProxy */ = {
			isa = PBXContainerItemProxy;
			containerPortal = B1B4723529F85B5E00488932 /* Project object */;
			proxyType = 1;
			remoteGlobalIDString = B1B4723C29F85B5E00488932;
			remoteInfo = "Family Expenses Tracker";
		};
		B1B4725829F85B5F00488932 /* PBXContainerItemProxy */ = {
			isa = PBXContainerItemProxy;
			containerPortal = B1B4723529F85B5E00488932 /* Project object */;
			proxyType = 1;
			remoteGlobalIDString = B1B4723C29F85B5E00488932;
			remoteInfo = "Family Expenses Tracker";
		};
/* End PBXContainerItemProxy section */

/* Begin PBXFileReference section */
		B1310C6F29FB0A98006E8894 /* TransactionList.swift */ = {isa = PBXFileReference; lastKnownFileType = sourcecode.swift; path = TransactionList.swift; sourceTree = "<group>"; };
		B1B4723D29F85B5E00488932 /* Family Expenses Tracker.app */ = {isa = PBXFileReference; explicitFileType = wrapper.application; includeInIndex = 0; path = "Family Expenses Tracker.app"; sourceTree = BUILT_PRODUCTS_DIR; };
		B1B4724029F85B5E00488932 /* Family_Expenses_TrackerApp.swift */ = {isa = PBXFileReference; lastKnownFileType = sourcecode.swift; path = Family_Expenses_TrackerApp.swift; sourceTree = "<group>"; };
		B1B4724229F85B5E00488932 /* ContentView.swift */ = {isa = PBXFileReference; lastKnownFileType = sourcecode.swift; path = ContentView.swift; sourceTree = "<group>"; };
		B1B4724429F85B5F00488932 /* Assets.xcassets */ = {isa = PBXFileReference; lastKnownFileType = folder.assetcatalog; path = Assets.xcassets; sourceTree = "<group>"; };
		B1B4724729F85B5F00488932 /* Preview Assets.xcassets */ = {isa = PBXFileReference; lastKnownFileType = folder.assetcatalog; path = "Preview Assets.xcassets"; sourceTree = "<group>"; };
		B1B4724D29F85B5F00488932 /* Family Expenses TrackerTests.xctest */ = {isa = PBXFileReference; explicitFileType = wrapper.cfbundle; includeInIndex = 0; path = "Family Expenses TrackerTests.xctest"; sourceTree = BUILT_PRODUCTS_DIR; };
		B1B4725129F85B5F00488932 /* Family_Expenses_TrackerTests.swift */ = {isa = PBXFileReference; lastKnownFileType = sourcecode.swift; path = Family_Expenses_TrackerTests.swift; sourceTree = "<group>"; };
		B1B4725729F85B5F00488932 /* Family Expenses TrackerUITests.xctest */ = {isa = PBXFileReference; explicitFileType = wrapper.cfbundle; includeInIndex = 0; path = "Family Expenses TrackerUITests.xctest"; sourceTree = BUILT_PRODUCTS_DIR; };
		B1B4725B29F85B5F00488932 /* Family_Expenses_TrackerUITests.swift */ = {isa = PBXFileReference; lastKnownFileType = sourcecode.swift; path = Family_Expenses_TrackerUITests.swift; sourceTree = "<group>"; };
		B1B4725D29F85B5F00488932 /* Family_Expenses_TrackerUITestsLaunchTests.swift */ = {isa = PBXFileReference; lastKnownFileType = sourcecode.swift; path = Family_Expenses_TrackerUITestsLaunchTests.swift; sourceTree = "<group>"; };
		B1B4726A29F85C7100488932 /* Extensions.swift */ = {isa = PBXFileReference; lastKnownFileType = sourcecode.swift; path = Extensions.swift; sourceTree = "<group>"; };
		B1B4726C29F864B300488932 /* TransactionModel.swift */ = {isa = PBXFileReference; lastKnownFileType = sourcecode.swift; path = TransactionModel.swift; sourceTree = "<group>"; };
		B1B4726E29F8661A00488932 /* PreviewData.swift */ = {isa = PBXFileReference; lastKnownFileType = sourcecode.swift; path = PreviewData.swift; sourceTree = "<group>"; };
		B1B4727029F8671A00488932 /* TransactionRow.swift */ = {isa = PBXFileReference; lastKnownFileType = sourcecode.swift; path = TransactionRow.swift; sourceTree = "<group>"; };
		B1B4727729F8798000488932 /* TransactionListViewModel.swift */ = {isa = PBXFileReference; lastKnownFileType = sourcecode.swift; path = TransactionListViewModel.swift; sourceTree = "<group>"; };
		B1C5E19829F9F642006D7EDB /* RecentTransactionList.swift */ = {isa = PBXFileReference; lastKnownFileType = sourcecode.swift; path = RecentTransactionList.swift; sourceTree = "<group>"; };
/* End PBXFileReference section */

/* Begin PBXFrameworksBuildPhase section */
		B1B4723A29F85B5E00488932 /* Frameworks */ = {
			isa = PBXFrameworksBuildPhase;
			buildActionMask = 2147483647;
			files = (
				B1310C7629FB3874006E8894 /* SwiftUICharts in Frameworks */,
				B1310C7329FB13B6006E8894 /* Collections in Frameworks */,
				B1B4727429F86FB700488932 /* SwiftUIFontIcon in Frameworks */,
			);
			runOnlyForDeploymentPostprocessing = 0;
		};
		B1B4724A29F85B5F00488932 /* Frameworks */ = {
			isa = PBXFrameworksBuildPhase;
			buildActionMask = 2147483647;
			files = (
			);
			runOnlyForDeploymentPostprocessing = 0;
		};
		B1B4725429F85B5F00488932 /* Frameworks */ = {
			isa = PBXFrameworksBuildPhase;
			buildActionMask = 2147483647;
			files = (
			);
			runOnlyForDeploymentPostprocessing = 0;
		};
/* End PBXFrameworksBuildPhase section */

/* Begin PBXGroup section */
		B1B4723429F85B5E00488932 = {
			isa = PBXGroup;
			children = (
				B1B4723F29F85B5E00488932 /* Family Expenses Tracker */,
				B1B4725029F85B5F00488932 /* Family Expenses TrackerTests */,
				B1B4725A29F85B5F00488932 /* Family Expenses TrackerUITests */,
				B1B4723E29F85B5E00488932 /* Products */,
			);
			sourceTree = "<group>";
		};
		B1B4723E29F85B5E00488932 /* Products */ = {
			isa = PBXGroup;
			children = (
				B1B4723D29F85B5E00488932 /* Family Expenses Tracker.app */,
				B1B4724D29F85B5F00488932 /* Family Expenses TrackerTests.xctest */,
				B1B4725729F85B5F00488932 /* Family Expenses TrackerUITests.xctest */,
			);
			name = Products;
			sourceTree = "<group>";
		};
		B1B4723F29F85B5E00488932 /* Family Expenses Tracker */ = {
			isa = PBXGroup;
			children = (
				B1C5E19A29FA0FBE006D7EDB /* Views */,
				B1B4726C29F864B300488932 /* TransactionModel.swift */,
				B1B4724229F85B5E00488932 /* ContentView.swift */,
				B1B4727029F8671A00488932 /* TransactionRow.swift */,
				B1C5E19829F9F642006D7EDB /* RecentTransactionList.swift */,
				B1B4727729F8798000488932 /* TransactionListViewModel.swift */,
				B1310C6F29FB0A98006E8894 /* TransactionList.swift */,
				B1B4724029F85B5E00488932 /* Family_Expenses_TrackerApp.swift */,
				B1B4726A29F85C7100488932 /* Extensions.swift */,
				B1B4724429F85B5F00488932 /* Assets.xcassets */,
				B1B4724629F85B5F00488932 /* Preview Content */,
			);
			path = "Family Expenses Tracker";
			sourceTree = "<group>";
		};
		B1B4724629F85B5F00488932 /* Preview Content */ = {
			isa = PBXGroup;
			children = (
				B1B4724729F85B5F00488932 /* Preview Assets.xcassets */,
				B1B4726E29F8661A00488932 /* PreviewData.swift */,
			);
			path = "Preview Content";
			sourceTree = "<group>";
		};
		B1B4725029F85B5F00488932 /* Family Expenses TrackerTests */ = {
			isa = PBXGroup;
			children = (
				B1B4725129F85B5F00488932 /* Family_Expenses_TrackerTests.swift */,
			);
			path = "Family Expenses TrackerTests";
			sourceTree = "<group>";
		};
		B1B4725A29F85B5F00488932 /* Family Expenses TrackerUITests */ = {
			isa = PBXGroup;
			children = (
				B1B4725B29F85B5F00488932 /* Family_Expenses_TrackerUITests.swift */,
				B1B4725D29F85B5F00488932 /* Family_Expenses_TrackerUITestsLaunchTests.swift */,
			);
			path = "Family Expenses TrackerUITests";
			sourceTree = "<group>";
		};
		B1C5E19A29FA0FBE006D7EDB /* Views */ = {
			isa = PBXGroup;
			children = (
			);
			path = Views;
			sourceTree = "<group>";
		};
/* End PBXGroup section */

/* Begin PBXNativeTarget section */
		B1B4723C29F85B5E00488932 /* Family Expenses Tracker */ = {
			isa = PBXNativeTarget;
			buildConfigurationList = B1B4726129F85B5F00488932 /* Build configuration list for PBXNativeTarget "Family Expenses Tracker" */;
			buildPhases = (
				B1B4723929F85B5E00488932 /* Sources */,
				B1B4723A29F85B5E00488932 /* Frameworks */,
				B1B4723B29F85B5E00488932 /* Resources */,
			);
			buildRules = (
			);
			dependencies = (
			);
			name = "Family Expenses Tracker";
			packageProductDependencies = (
				B1B4727329F86FB700488932 /* SwiftUIFontIcon */,
				B1310C7229FB13B6006E8894 /* Collections */,
				B1310C7529FB3874006E8894 /* SwiftUICharts */,
			);
			productName = "Family Expenses Tracker";
			productReference = B1B4723D29F85B5E00488932 /* Family Expenses Tracker.app */;
			productType = "com.apple.product-type.application";
		};
		B1B4724C29F85B5F00488932 /* Family Expenses TrackerTests */ = {
			isa = PBXNativeTarget;
			buildConfigurationList = B1B4726429F85B5F00488932 /* Build configuration list for PBXNativeTarget "Family Expenses TrackerTests" */;
			buildPhases = (
				B1B4724929F85B5F00488932 /* Sources */,
				B1B4724A29F85B5F00488932 /* Frameworks */,
				B1B4724B29F85B5F00488932 /* Resources */,
			);
			buildRules = (
			);
			dependencies = (
				B1B4724F29F85B5F00488932 /* PBXTargetDependency */,
			);
			name = "Family Expenses TrackerTests";
			productName = "Family Expenses TrackerTests";
			productReference = B1B4724D29F85B5F00488932 /* Family Expenses TrackerTests.xctest */;
			productType = "com.apple.product-type.bundle.unit-test";
		};
		B1B4725629F85B5F00488932 /* Family Expenses TrackerUITests */ = {
			isa = PBXNativeTarget;
			buildConfigurationList = B1B4726729F85B5F00488932 /* Build configuration list for PBXNativeTarget "Family Expenses TrackerUITests" */;
			buildPhases = (
				B1B4725329F85B5F00488932 /* Sources */,
				B1B4725429F85B5F00488932 /* Frameworks */,
				B1B4725529F85B5F00488932 /* Resources */,
			);
			buildRules = (
			);
			dependencies = (
				B1B4725929F85B5F00488932 /* PBXTargetDependency */,
			);
			name = "Family Expenses TrackerUITests";
			productName = "Family Expenses TrackerUITests";
			productReference = B1B4725729F85B5F00488932 /* Family Expenses TrackerUITests.xctest */;
			productType = "com.apple.product-type.bundle.ui-testing";
		};
/* End PBXNativeTarget section */

/* Begin PBXProject section */
		B1B4723529F85B5E00488932 /* Project object */ = {
			isa = PBXProject;
			attributes = {
				BuildIndependentTargetsInParallel = 1;
				LastSwiftUpdateCheck = 1430;
				LastUpgradeCheck = 1430;
				TargetAttributes = {
					B1B4723C29F85B5E00488932 = {
						CreatedOnToolsVersion = 14.3;
					};
					B1B4724C29F85B5F00488932 = {
						CreatedOnToolsVersion = 14.3;
						TestTargetID = B1B4723C29F85B5E00488932;
					};
					B1B4725629F85B5F00488932 = {
						CreatedOnToolsVersion = 14.3;
						TestTargetID = B1B4723C29F85B5E00488932;
					};
				};
			};
			buildConfigurationList = B1B4723829F85B5E00488932 /* Build configuration list for PBXProject "Family Expenses Tracker" */;
			compatibilityVersion = "Xcode 14.0";
			developmentRegion = en;
			hasScannedForEncodings = 0;
			knownRegions = (
				en,
				Base,
			);
			mainGroup = B1B4723429F85B5E00488932;
			packageReferences = (
				B1B4727229F86FB700488932 /* XCRemoteSwiftPackageReference "SwiftUIFontIcon" */,
				B1310C7129FB13B6006E8894 /* XCRemoteSwiftPackageReference "swift-collections" */,
				B1310C7429FB3874006E8894 /* XCRemoteSwiftPackageReference "ChartView" */,
			);
			productRefGroup = B1B4723E29F85B5E00488932 /* Products */;
			projectDirPath = "";
			projectRoot = "";
			targets = (
				B1B4723C29F85B5E00488932 /* Family Expenses Tracker */,
				B1B4724C29F85B5F00488932 /* Family Expenses TrackerTests */,
				B1B4725629F85B5F00488932 /* Family Expenses TrackerUITests */,
			);
		};
/* End PBXProject section */

/* Begin PBXResourcesBuildPhase section */
		B1B4723B29F85B5E00488932 /* Resources */ = {
			isa = PBXResourcesBuildPhase;
			buildActionMask = 2147483647;
			files = (
				B1B4724829F85B5F00488932 /* Preview Assets.xcassets in Resources */,
				B1B4724529F85B5F00488932 /* Assets.xcassets in Resources */,
			);
			runOnlyForDeploymentPostprocessing = 0;
		};
		B1B4724B29F85B5F00488932 /* Resources */ = {
			isa = PBXResourcesBuildPhase;
			buildActionMask = 2147483647;
			files = (
			);
			runOnlyForDeploymentPostprocessing = 0;
		};
		B1B4725529F85B5F00488932 /* Resources */ = {
			isa = PBXResourcesBuildPhase;
			buildActionMask = 2147483647;
			files = (
			);
			runOnlyForDeploymentPostprocessing = 0;
		};
/* End PBXResourcesBuildPhase section */

/* Begin PBXSourcesBuildPhase section */
		B1B4723929F85B5E00488932 /* Sources */ = {
			isa = PBXSourcesBuildPhase;
			buildActionMask = 2147483647;
			files = (
				B1B4726F29F8661A00488932 /* PreviewData.swift in Sources */,
				B1310C7029FB0A98006E8894 /* TransactionList.swift in Sources */,
				B1C5E19929F9F642006D7EDB /* RecentTransactionList.swift in Sources */,
				B1B4726D29F864B300488932 /* TransactionModel.swift in Sources */,
				B1B4724329F85B5E00488932 /* ContentView.swift in Sources */,
				B1B4727129F8671A00488932 /* TransactionRow.swift in Sources */,
				B1B4726B29F85C7100488932 /* Extensions.swift in Sources */,
				B1B4727829F8798000488932 /* TransactionListViewModel.swift in Sources */,
				B1B4724129F85B5E00488932 /* Family_Expenses_TrackerApp.swift in Sources */,
			);
			runOnlyForDeploymentPostprocessing = 0;
		};
		B1B4724929F85B5F00488932 /* Sources */ = {
			isa = PBXSourcesBuildPhase;
			buildActionMask = 2147483647;
			files = (
				B1B4725229F85B5F00488932 /* Family_Expenses_TrackerTests.swift in Sources */,
			);
			runOnlyForDeploymentPostprocessing = 0;
		};
		B1B4725329F85B5F00488932 /* Sources */ = {
			isa = PBXSourcesBuildPhase;
			buildActionMask = 2147483647;
			files = (
				B1B4725E29F85B5F00488932 /* Family_Expenses_TrackerUITestsLaunchTests.swift in Sources */,
				B1B4725C29F85B5F00488932 /* Family_Expenses_TrackerUITests.swift in Sources */,
			);
			runOnlyForDeploymentPostprocessing = 0;
		};
/* End PBXSourcesBuildPhase section */

/* Begin PBXTargetDependency section */
		B1B4724F29F85B5F00488932 /* PBXTargetDependency */ = {
			isa = PBXTargetDependency;
			target = B1B4723C29F85B5E00488932 /* Family Expenses Tracker */;
			targetProxy = B1B4724E29F85B5F00488932 /* PBXContainerItemProxy */;
		};
		B1B4725929F85B5F00488932 /* PBXTargetDependency */ = {
			isa = PBXTargetDependency;
			target = B1B4723C29F85B5E00488932 /* Family Expenses Tracker */;
			targetProxy = B1B4725829F85B5F00488932 /* PBXContainerItemProxy */;
		};
/* End PBXTargetDependency section */

/* Begin XCBuildConfiguration section */
		B1B4725F29F85B5F00488932 /* Debug */ = {
			isa = XCBuildConfiguration;
			buildSettings = {
				ALWAYS_SEARCH_USER_PATHS = NO;
				CLANG_ANALYZER_NONNULL = YES;
				CLANG_ANALYZER_NUMBER_OBJECT_CONVERSION = YES_AGGRESSIVE;
				CLANG_CXX_LANGUAGE_STANDARD = "gnu++20";
				CLANG_ENABLE_MODULES = YES;
				CLANG_ENABLE_OBJC_ARC = YES;
				CLANG_ENABLE_OBJC_WEAK = YES;
				CLANG_WARN_BLOCK_CAPTURE_AUTORELEASING = YES;
				CLANG_WARN_BOOL_CONVERSION = YES;
				CLANG_WARN_COMMA = YES;
				CLANG_WARN_CONSTANT_CONVERSION = YES;
				CLANG_WARN_DEPRECATED_OBJC_IMPLEMENTATIONS = YES;
				CLANG_WARN_DIRECT_OBJC_ISA_USAGE = YES_ERROR;
				CLANG_WARN_DOCUMENTATION_COMMENTS = YES;
				CLANG_WARN_EMPTY_BODY = YES;
				CLANG_WARN_ENUM_CONVERSION = YES;
				CLANG_WARN_INFINITE_RECURSION = YES;
				CLANG_WARN_INT_CONVERSION = YES;
				CLANG_WARN_NON_LITERAL_NULL_CONVERSION = YES;
				CLANG_WARN_OBJC_IMPLICIT_RETAIN_SELF = YES;
				CLANG_WARN_OBJC_LITERAL_CONVERSION = YES;
				CLANG_WARN_OBJC_ROOT_CLASS = YES_ERROR;
				CLANG_WARN_QUOTED_INCLUDE_IN_FRAMEWORK_HEADER = YES;
				CLANG_WARN_RANGE_LOOP_ANALYSIS = YES;
				CLANG_WARN_STRICT_PROTOTYPES = YES;
				CLANG_WARN_SUSPICIOUS_MOVE = YES;
				CLANG_WARN_UNGUARDED_AVAILABILITY = YES_AGGRESSIVE;
				CLANG_WARN_UNREACHABLE_CODE = YES;
				CLANG_WARN__DUPLICATE_METHOD_MATCH = YES;
				COPY_PHASE_STRIP = NO;
				DEBUG_INFORMATION_FORMAT = dwarf;
				ENABLE_STRICT_OBJC_MSGSEND = YES;
				ENABLE_TESTABILITY = YES;
				GCC_C_LANGUAGE_STANDARD = gnu11;
				GCC_DYNAMIC_NO_PIC = NO;
				GCC_NO_COMMON_BLOCKS = YES;
				GCC_OPTIMIZATION_LEVEL = 0;
				GCC_PREPROCESSOR_DEFINITIONS = (
					"DEBUG=1",
					"$(inherited)",
				);
				GCC_WARN_64_TO_32_BIT_CONVERSION = YES;
				GCC_WARN_ABOUT_RETURN_TYPE = YES_ERROR;
				GCC_WARN_UNDECLARED_SELECTOR = YES;
				GCC_WARN_UNINITIALIZED_AUTOS = YES_AGGRESSIVE;
				GCC_WARN_UNUSED_FUNCTION = YES;
				GCC_WARN_UNUSED_VARIABLE = YES;
				IPHONEOS_DEPLOYMENT_TARGET = 16.4;
				MTL_ENABLE_DEBUG_INFO = INCLUDE_SOURCE;
				MTL_FAST_MATH = YES;
				ONLY_ACTIVE_ARCH = YES;
				SDKROOT = iphoneos;
				SWIFT_ACTIVE_COMPILATION_CONDITIONS = DEBUG;
				SWIFT_OPTIMIZATION_LEVEL = "-Onone";
			};
			name = Debug;
		};
		B1B4726029F85B5F00488932 /* Release */ = {
			isa = XCBuildConfiguration;
			buildSettings = {
				ALWAYS_SEARCH_USER_PATHS = NO;
				CLANG_ANALYZER_NONNULL = YES;
				CLANG_ANALYZER_NUMBER_OBJECT_CONVERSION = YES_AGGRESSIVE;
				CLANG_CXX_LANGUAGE_STANDARD = "gnu++20";
				CLANG_ENABLE_MODULES = YES;
				CLANG_ENABLE_OBJC_ARC = YES;
				CLANG_ENABLE_OBJC_WEAK = YES;
				CLANG_WARN_BLOCK_CAPTURE_AUTORELEASING = YES;
				CLANG_WARN_BOOL_CONVERSION = YES;
				CLANG_WARN_COMMA = YES;
				CLANG_WARN_CONSTANT_CONVERSION = YES;
				CLANG_WARN_DEPRECATED_OBJC_IMPLEMENTATIONS = YES;
				CLANG_WARN_DIRECT_OBJC_ISA_USAGE = YES_ERROR;
				CLANG_WARN_DOCUMENTATION_COMMENTS = YES;
				CLANG_WARN_EMPTY_BODY = YES;
				CLANG_WARN_ENUM_CONVERSION = YES;
				CLANG_WARN_INFINITE_RECURSION = YES;
				CLANG_WARN_INT_CONVERSION = YES;
				CLANG_WARN_NON_LITERAL_NULL_CONVERSION = YES;
				CLANG_WARN_OBJC_IMPLICIT_RETAIN_SELF = YES;
				CLANG_WARN_OBJC_LITERAL_CONVERSION = YES;
				CLANG_WARN_OBJC_ROOT_CLASS = YES_ERROR;
				CLANG_WARN_QUOTED_INCLUDE_IN_FRAMEWORK_HEADER = YES;
				CLANG_WARN_RANGE_LOOP_ANALYSIS = YES;
				CLANG_WARN_STRICT_PROTOTYPES = YES;
				CLANG_WARN_SUSPICIOUS_MOVE = YES;
				CLANG_WARN_UNGUARDED_AVAILABILITY = YES_AGGRESSIVE;
				CLANG_WARN_UNREACHABLE_CODE = YES;
				CLANG_WARN__DUPLICATE_METHOD_MATCH = YES;
				COPY_PHASE_STRIP = NO;
				DEBUG_INFORMATION_FORMAT = "dwarf-with-dsym";
				ENABLE_NS_ASSERTIONS = NO;
				ENABLE_STRICT_OBJC_MSGSEND = YES;
				GCC_C_LANGUAGE_STANDARD = gnu11;
				GCC_NO_COMMON_BLOCKS = YES;
				GCC_WARN_64_TO_32_BIT_CONVERSION = YES;
				GCC_WARN_ABOUT_RETURN_TYPE = YES_ERROR;
				GCC_WARN_UNDECLARED_SELECTOR = YES;
				GCC_WARN_UNINITIALIZED_AUTOS = YES_AGGRESSIVE;
				GCC_WARN_UNUSED_FUNCTION = YES;
				GCC_WARN_UNUSED_VARIABLE = YES;
				IPHONEOS_DEPLOYMENT_TARGET = 16.4;
				MTL_ENABLE_DEBUG_INFO = NO;
				MTL_FAST_MATH = YES;
				SDKROOT = iphoneos;
				SWIFT_COMPILATION_MODE = wholemodule;
				SWIFT_OPTIMIZATION_LEVEL = "-O";
				VALIDATE_PRODUCT = YES;
			};
			name = Release;
		};
		B1B4726229F85B5F00488932 /* Debug */ = {
			isa = XCBuildConfiguration;
			buildSettings = {
				ASSETCATALOG_COMPILER_APPICON_NAME = AppIcon;
				ASSETCATALOG_COMPILER_GLOBAL_ACCENT_COLOR_NAME = AccentColor;
				CODE_SIGN_STYLE = Automatic;
				CURRENT_PROJECT_VERSION = 1;
				DEVELOPMENT_ASSET_PATHS = "\"Family Expenses Tracker/Preview Content\"";
				DEVELOPMENT_TEAM = RGHKFZW33Y;
				ENABLE_PREVIEWS = YES;
				GENERATE_INFOPLIST_FILE = YES;
				INFOPLIST_KEY_UIApplicationSceneManifest_Generation = YES;
				INFOPLIST_KEY_UIApplicationSupportsIndirectInputEvents = YES;
				INFOPLIST_KEY_UILaunchScreen_Generation = YES;
				INFOPLIST_KEY_UISupportedInterfaceOrientations_iPad = "UIInterfaceOrientationPortrait UIInterfaceOrientationPortraitUpsideDown UIInterfaceOrientationLandscapeLeft UIInterfaceOrientationLandscapeRight";
				INFOPLIST_KEY_UISupportedInterfaceOrientations_iPhone = "UIInterfaceOrientationPortrait UIInterfaceOrientationLandscapeLeft UIInterfaceOrientationLandscapeRight";
				LD_RUNPATH_SEARCH_PATHS = (
					"$(inherited)",
					"@executable_path/Frameworks",
				);
				MARKETING_VERSION = 1.0;
				PRODUCT_BUNDLE_IDENTIFIER = "amon.Family-Expenses-Tracker";
				PRODUCT_NAME = "$(TARGET_NAME)";
				SWIFT_EMIT_LOC_STRINGS = YES;
				SWIFT_VERSION = 5.0;
				TARGETED_DEVICE_FAMILY = "1,2";
			};
			name = Debug;
		};
		B1B4726329F85B5F00488932 /* Release */ = {
			isa = XCBuildConfiguration;
			buildSettings = {
				ASSETCATALOG_COMPILER_APPICON_NAME = AppIcon;
				ASSETCATALOG_COMPILER_GLOBAL_ACCENT_COLOR_NAME = AccentColor;
				CODE_SIGN_STYLE = Automatic;
				CURRENT_PROJECT_VERSION = 1;
				DEVELOPMENT_ASSET_PATHS = "\"Family Expenses Tracker/Preview Content\"";
				DEVELOPMENT_TEAM = RGHKFZW33Y;
				ENABLE_PREVIEWS = YES;
				GENERATE_INFOPLIST_FILE = YES;
				INFOPLIST_KEY_UIApplicationSceneManifest_Generation = YES;
				INFOPLIST_KEY_UIApplicationSupportsIndirectInputEvents = YES;
				INFOPLIST_KEY_UILaunchScreen_Generation = YES;
				INFOPLIST_KEY_UISupportedInterfaceOrientations_iPad = "UIInterfaceOrientationPortrait UIInterfaceOrientationPortraitUpsideDown UIInterfaceOrientationLandscapeLeft UIInterfaceOrientationLandscapeRight";
				INFOPLIST_KEY_UISupportedInterfaceOrientations_iPhone = "UIInterfaceOrientationPortrait UIInterfaceOrientationLandscapeLeft UIInterfaceOrientationLandscapeRight";
				LD_RUNPATH_SEARCH_PATHS = (
					"$(inherited)",
					"@executable_path/Frameworks",
				);
				MARKETING_VERSION = 1.0;
				PRODUCT_BUNDLE_IDENTIFIER = "amon.Family-Expenses-Tracker";
				PRODUCT_NAME = "$(TARGET_NAME)";
				SWIFT_EMIT_LOC_STRINGS = YES;
				SWIFT_VERSION = 5.0;
				TARGETED_DEVICE_FAMILY = "1,2";
			};
			name = Release;
		};
		B1B4726529F85B5F00488932 /* Debug */ = {
			isa = XCBuildConfiguration;
			buildSettings = {
				ALWAYS_EMBED_SWIFT_STANDARD_LIBRARIES = YES;
				BUNDLE_LOADER = "$(TEST_HOST)";
				CODE_SIGN_STYLE = Automatic;
				CURRENT_PROJECT_VERSION = 1;
				GENERATE_INFOPLIST_FILE = YES;
				IPHONEOS_DEPLOYMENT_TARGET = 16.4;
				MARKETING_VERSION = 1.0;
				PRODUCT_BUNDLE_IDENTIFIER = "amon.Family-Expenses-TrackerTests";
				PRODUCT_NAME = "$(TARGET_NAME)";
				SWIFT_EMIT_LOC_STRINGS = NO;
				SWIFT_VERSION = 5.0;
				TARGETED_DEVICE_FAMILY = "1,2";
				TEST_HOST = "$(BUILT_PRODUCTS_DIR)/Family Expenses Tracker.app/$(BUNDLE_EXECUTABLE_FOLDER_PATH)/Family Expenses Tracker";
			};
			name = Debug;
		};
		B1B4726629F85B5F00488932 /* Release */ = {
			isa = XCBuildConfiguration;
			buildSettings = {
				ALWAYS_EMBED_SWIFT_STANDARD_LIBRARIES = YES;
				BUNDLE_LOADER = "$(TEST_HOST)";
				CODE_SIGN_STYLE = Automatic;
				CURRENT_PROJECT_VERSION = 1;
				GENERATE_INFOPLIST_FILE = YES;
				IPHONEOS_DEPLOYMENT_TARGET = 16.4;
				MARKETING_VERSION = 1.0;
				PRODUCT_BUNDLE_IDENTIFIER = "amon.Family-Expenses-TrackerTests";
				PRODUCT_NAME = "$(TARGET_NAME)";
				SWIFT_EMIT_LOC_STRINGS = NO;
				SWIFT_VERSION = 5.0;
				TARGETED_DEVICE_FAMILY = "1,2";
				TEST_HOST = "$(BUILT_PRODUCTS_DIR)/Family Expenses Tracker.app/$(BUNDLE_EXECUTABLE_FOLDER_PATH)/Family Expenses Tracker";
			};
			name = Release;
		};
		B1B4726829F85B5F00488932 /* Debug */ = {
			isa = XCBuildConfiguration;
			buildSettings = {
				ALWAYS_EMBED_SWIFT_STANDARD_LIBRARIES = YES;
				CODE_SIGN_STYLE = Automatic;
				CURRENT_PROJECT_VERSION = 1;
				GENERATE_INFOPLIST_FILE = YES;
				MARKETING_VERSION = 1.0;
				PRODUCT_BUNDLE_IDENTIFIER = "amon.Family-Expenses-TrackerUITests";
				PRODUCT_NAME = "$(TARGET_NAME)";
				SWIFT_EMIT_LOC_STRINGS = NO;
				SWIFT_VERSION = 5.0;
				TARGETED_DEVICE_FAMILY = "1,2";
				TEST_TARGET_NAME = "Family Expenses Tracker";
			};
			name = Debug;
		};
		B1B4726929F85B5F00488932 /* Release */ = {
			isa = XCBuildConfiguration;
			buildSettings = {
				ALWAYS_EMBED_SWIFT_STANDARD_LIBRARIES = YES;
				CODE_SIGN_STYLE = Automatic;
				CURRENT_PROJECT_VERSION = 1;
				GENERATE_INFOPLIST_FILE = YES;
				MARKETING_VERSION = 1.0;
				PRODUCT_BUNDLE_IDENTIFIER = "amon.Family-Expenses-TrackerUITests";
				PRODUCT_NAME = "$(TARGET_NAME)";
				SWIFT_EMIT_LOC_STRINGS = NO;
				SWIFT_VERSION = 5.0;
				TARGETED_DEVICE_FAMILY = "1,2";
				TEST_TARGET_NAME = "Family Expenses Tracker";
			};
			name = Release;
		};
/* End XCBuildConfiguration section */

/* Begin XCConfigurationList section */
		B1B4723829F85B5E00488932 /* Build configuration list for PBXProject "Family Expenses Tracker" */ = {
			isa = XCConfigurationList;
			buildConfigurations = (
				B1B4725F29F85B5F00488932 /* Debug */,
				B1B4726029F85B5F00488932 /* Release */,
			);
			defaultConfigurationIsVisible = 0;
			defaultConfigurationName = Release;
		};
		B1B4726129F85B5F00488932 /* Build configuration list for PBXNativeTarget "Family Expenses Tracker" */ = {
			isa = XCConfigurationList;
			buildConfigurations = (
				B1B4726229F85B5F00488932 /* Debug */,
				B1B4726329F85B5F00488932 /* Release */,
			);
			defaultConfigurationIsVisible = 0;
			defaultConfigurationName = Release;
		};
		B1B4726429F85B5F00488932 /* Build configuration list for PBXNativeTarget "Family Expenses TrackerTests" */ = {
			isa = XCConfigurationList;
			buildConfigurations = (
				B1B4726529F85B5F00488932 /* Debug */,
				B1B4726629F85B5F00488932 /* Release */,
			);
			defaultConfigurationIsVisible = 0;
			defaultConfigurationName = Release;
		};
		B1B4726729F85B5F00488932 /* Build configuration list for PBXNativeTarget "Family Expenses TrackerUITests" */ = {
			isa = XCConfigurationList;
			buildConfigurations = (
				B1B4726829F85B5F00488932 /* Debug */,
				B1B4726929F85B5F00488932 /* Release */,
			);
			defaultConfigurationIsVisible = 0;
			defaultConfigurationName = Release;
		};
/* End XCConfigurationList section */

/* Begin XCRemoteSwiftPackageReference section */
		B1310C7129FB13B6006E8894 /* XCRemoteSwiftPackageReference "swift-collections" */ = {
			isa = XCRemoteSwiftPackageReference;
			repositoryURL = "https://github.com/apple/swift-collections.git";
			requirement = {
				kind = upToNextMajorVersion;
				minimumVersion = 1.0.4;
			};
		};
		B1310C7429FB3874006E8894 /* XCRemoteSwiftPackageReference "ChartView" */ = {
			isa = XCRemoteSwiftPackageReference;
			repositoryURL = "https://github.com/AppPear/ChartView";
			requirement = {
				kind = exactVersion;
				version = "2.0.0-beta.2";
			};
		};
		B1B4727229F86FB700488932 /* XCRemoteSwiftPackageReference "SwiftUIFontIcon" */ = {
			isa = XCRemoteSwiftPackageReference;
			repositoryURL = "https://github.com/huybuidac/SwiftUIFontIcon";
			requirement = {
				branch = master;
				kind = branch;
			};
		};
/* End XCRemoteSwiftPackageReference section */

/* Begin XCSwiftPackageProductDependency section */
		B1310C7229FB13B6006E8894 /* Collections */ = {
			isa = XCSwiftPackageProductDependency;
			package = B1310C7129FB13B6006E8894 /* XCRemoteSwiftPackageReference "swift-collections" */;
			productName = Collections;
		};
		B1310C7529FB3874006E8894 /* SwiftUICharts */ = {
			isa = XCSwiftPackageProductDependency;
			package = B1310C7429FB3874006E8894 /* XCRemoteSwiftPackageReference "ChartView" */;
			productName = SwiftUICharts;
		};
		B1B4727329F86FB700488932 /* SwiftUIFontIcon */ = {
			isa = XCSwiftPackageProductDependency;
			package = B1B4727229F86FB700488932 /* XCRemoteSwiftPackageReference "SwiftUIFontIcon" */;
			productName = SwiftUIFontIcon;
		};
/* End XCSwiftPackageProductDependency section */
	};
	rootObject = B1B4723529F85B5E00488932 /* Project object */;
}
